
Microsoft Visual Studio Solution File, Format Version 12.00
# Visual Studio Version 17
VisualStudioVersion = 17.14.36623.8 d17.14
MinimumVisualStudioVersion = 10.0.40219.1
Project("{FAE04EC0-301F-11D3-BF4B-00C04F79EFBC}") = "Interface_пр12_Ерилеев", "Interface_пр12_Ерилеев\Interface_пр12_Ерилеев.csproj", "{0F2C560E-B97B-4578-AE7C-D0B92AD8B508}"
EndProject
Global
	GlobalSection(SolutionConfigurationPlatforms) = preSolution
		Debug|Any CPU = Debug|Any CPU
		Release|Any CPU = Release|Any CPU
	EndGlobalSection
	GlobalSection(ProjectConfigurationPlatforms) = postSolution
		{0F2C560E-B97B-4578-AE7C-D0B92AD8B508}.Debug|Any CPU.ActiveCfg = Debug|Any CPU
		{0F2C560E-B97B-4578-AE7C-D0B92AD8B508}.Debug|Any CPU.Build.0 = Debug|Any CPU
		{0F2C560E-B97B-4578-AE7C-D0B92AD8B508}.Release|Any CPU.ActiveCfg = Release|Any CPU
		{0F2C560E-B97B-4578-AE7C-D0B92AD8B508}.Release|Any CPU.Build.0 = Release|Any CPU
	EndGlobalSection
	GlobalSection(SolutionProperties) = preSolution
		HideSolutionNode = FALSE
	EndGlobalSection
	GlobalSection(ExtensibilityGlobals) = postSolution
		SolutionGuid = {4F954233-5036-4506-9E2A-2C679A53DE5E}
	EndGlobalSection
EndGlobal
